// !$*UTF8*$!
{
	archiveVersion = 1;
	classes = {
	};
	objectVersion = 50;
	objects = {

/* Begin PBXBuildFile section */
		5642B488243280BB008CEB33 /* main.cpp in Sources */ = {isa = PBXBuildFile; fileRef = 5642B487243280BB008CEB33 /* main.cpp */; };
		5642B4902432820D008CEB33 /* PointTypeImp.cpp in Sources */ = {isa = PBXBuildFile; fileRef = 5642B48F2432820D008CEB33 /* PointTypeImp.cpp */; };
		5642B495243283A7008CEB33 /* CircleTypeImp.cpp in Sources */ = {isa = PBXBuildFile; fileRef = 5642B494243283A7008CEB33 /* CircleTypeImp.cpp */; };
		5642B49824328A5F008CEB33 /* CylinderTypeImp.cpp in Sources */ = {isa = PBXBuildFile; fileRef = 5642B49724328A5F008CEB33 /* CylinderTypeImp.cpp */; };
/* End PBXBuildFile section */

/* Begin PBXCopyFilesBuildPhase section */
		5642B482243280BB008CEB33 /* CopyFiles */ = {
			isa = PBXCopyFilesBuildPhase;
			buildActionMask = 2147483647;
			dstPath = /usr/share/man/man1/;
			dstSubfolderSpec = 0;
			files = (
			);
			runOnlyForDeploymentPostprocessing = 1;
		};
/* End PBXCopyFilesBuildPhase section */

/* Begin PBXFileReference section */
		5642B484243280BB008CEB33 /* LabAssignment7 */ = {isa = PBXFileReference; explicitFileType = "compiled.mach-o.executable"; includeInIndex = 0; path = LabAssignment7; sourceTree = BUILT_PRODUCTS_DIR; };
		5642B487243280BB008CEB33 /* main.cpp */ = {isa = PBXFileReference; lastKnownFileType = sourcecode.cpp.cpp; path = main.cpp; sourceTree = "<group>"; };
		5642B48E2432814C008CEB33 /* PointType.h */ = {isa = PBXFileReference; lastKnownFileType = sourcecode.c.h; path = PointType.h; sourceTree = "<group>"; };
		5642B48F2432820D008CEB33 /* PointTypeImp.cpp */ = {isa = PBXFileReference; lastKnownFileType = sourcecode.cpp.cpp; path = PointTypeImp.cpp; sourceTree = "<group>"; };
		5642B493243282CD008CEB33 /* CircleType.h */ = {isa = PBXFileReference; lastKnownFileType = sourcecode.c.h; path = CircleType.h; sourceTree = "<group>"; };
		5642B494243283A7008CEB33 /* CircleTypeImp.cpp */ = {isa = PBXFileReference; lastKnownFileType = sourcecode.cpp.cpp; path = CircleTypeImp.cpp; sourceTree = "<group>"; };
		5642B49624328492008CEB33 /* CylinderType.h */ = {isa = PBXFileReference; lastKnownFileType = sourcecode.c.h; path = CylinderType.h; sourceTree = "<group>"; };
		5642B49724328A5F008CEB33 /* CylinderTypeImp.cpp */ = {isa = PBXFileReference; lastKnownFileType = sourcecode.cpp.cpp; path = CylinderTypeImp.cpp; sourceTree = "<group>"; };
/* End PBXFileReference section */

/* Begin PBXFrameworksBuildPhase section */
		5642B481243280BB008CEB33 /* Frameworks */ = {
			isa = PBXFrameworksBuildPhase;
			buildActionMask = 2147483647;
			files = (
			);
			runOnlyForDeploymentPostprocessing = 0;
		};
/* End PBXFrameworksBuildPhase section */

/* Begin PBXGroup section */
		5642B47B243280BB008CEB33 = {
			isa = PBXGroup;
			children = (
				5642B486243280BB008CEB33 /* LabAssignment7 */,
				5642B485243280BB008CEB33 /* Products */,
			);
			sourceTree = "<group>";
		};
		5642B485243280BB008CEB33 /* Products */ = {
			isa = PBXGroup;
			children = (
				5642B484243280BB008CEB33 /* LabAssignment7 */,
			);
			name = Products;
			sourceTree = "<group>";
		};
		5642B486243280BB008CEB33 /* LabAssignment7 */ = {
			isa = PBXGroup;
			children = (
				5642B487243280BB008CEB33 /* main.cpp */,
				5642B48E2432814C008CEB33 /* PointType.h */,
				5642B48F2432820D008CEB33 /* PointTypeImp.cpp */,
				5642B493243282CD008CEB33 /* CircleType.h */,
				5642B494243283A7008CEB33 /* CircleTypeImp.cpp */,
				5642B49624328492008CEB33 /* CylinderType.h */,
				5642B49724328A5F008CEB33 /* CylinderTypeImp.cpp */,
			);
			path = LabAssignment7;
			sourceTree = "<group>";
		};
/* End PBXGroup section */

/* Begin PBXNativeTarget section */
		5642B483243280BB008CEB33 /* LabAssignment7 */ = {
			isa = PBXNativeTarget;
			buildConfigurationList = 5642B48B243280BB008CEB33 /* Build configuration list for PBXNativeTarget "LabAssignment7" */;
			buildPhases = (
				5642B480243280BB008CEB33 /* Sources */,
				5642B481243280BB008CEB33 /* Frameworks */,
				5642B482243280BB008CEB33 /* CopyFiles */,
			);
			buildRules = (
			);
			dependencies = (
			);
			name = LabAssignment7;
			productName = LabAssignment7;
			productReference = 5642B484243280BB008CEB33 /* LabAssignment7 */;
			productType = "com.apple.product-type.tool";
		};
/* End PBXNativeTarget section */

/* Begin PBXProject section */
		5642B47C243280BB008CEB33 /* Project object */ = {
			isa = PBXProject;
			attributes = {
				LastUpgradeCheck = 1140;
				ORGANIZATIONNAME = "Cameron H. Wilson";
				TargetAttributes = {
					5642B483243280BB008CEB33 = {
						CreatedOnToolsVersion = 11.4;
					};
				};
			};
			buildConfigurationList = 5642B47F243280BB008CEB33 /* Build configuration list for PBXProject "LabAssignment7" */;
			compatibilityVersion = "Xcode 9.3";
			developmentRegion = en;
			hasScannedForEncodings = 0;
			knownRegions = (
				en,
				Base,
			);
			mainGroup = 5642B47B243280BB008CEB33;
			productRefGroup = 5642B485243280BB008CEB33 /* Products */;
			projectDirPath = "";
			projectRoot = "";
			targets = (
				5642B483243280BB008CEB33 /* LabAssignment7 */,
			);
		};
/* End PBXProject section */

/* Begin PBXSourcesBuildPhase section */
		5642B480243280BB008CEB33 /* Sources */ = {
			isa = PBXSourcesBuildPhase;
			buildActionMask = 2147483647;
			files = (
				5642B488243280BB008CEB33 /* main.cpp in Sources */,
				5642B4902432820D008CEB33 /* PointTypeImp.cpp in Sources */,
				5642B49824328A5F008CEB33 /* CylinderTypeImp.cpp in Sources */,
				5642B495243283A7008CEB33 /* CircleTypeImp.cpp in Sources */,
			);
			runOnlyForDeploymentPostprocessing = 0;
		};
/* End PBXSourcesBuildPhase section */

/* Begin XCBuildConfiguration section */
		5642B489243280BB008CEB33 /* Debug */ = {
			isa = XCBuildConfiguration;
			buildSettings = {
				ALWAYS_SEARCH_USER_PATHS = NO;
				CLANG_ANALYZER_NONNULL = YES;
				CLANG_ANALYZER_NUMBER_OBJECT_CONVERSION = YES_AGGRESSIVE;
				CLANG_CXX_LANGUAGE_STANDARD = "gnu++14";
				CLANG_CXX_LIBRARY = "libc++";
				CLANG_ENABLE_MODULES = YES;
				CLANG_ENABLE_OBJC_ARC = YES;
				CLANG_ENABLE_OBJC_WEAK = YES;
				CLANG_WARN_BLOCK_CAPTURE_AUTORELEASING = YES;
				CLANG_WARN_BOOL_CONVERSION = YES;
				CLANG_WARN_COMMA = YES;
				CLANG_WARN_CONSTANT_CONVERSION = YES;
				CLANG_WARN_DEPRECATED_OBJC_IMPLEMENTATIONS = YES;
				CLANG_WARN_DIRECT_OBJC_ISA_USAGE = YES_ERROR;
				CLANG_WARN_DOCUMENTATION_COMMENTS = YES;
				CLANG_WARN_EMPTY_BODY = YES;
				CLANG_WARN_ENUM_CONVERSION = YES;
				CLANG_WARN_INFINITE_RECURSION = YES;
				CLANG_WARN_INT_CONVERSION = YES;
				CLANG_WARN_NON_LITERAL_NULL_CONVERSION = YES;
				CLANG_WARN_OBJC_IMPLICIT_RETAIN_SELF = YES;
				CLANG_WARN_OBJC_LITERAL_CONVERSION = YES;
				CLANG_WARN_OBJC_ROOT_CLASS = YES_ERROR;
				CLANG_WARN_RANGE_LOOP_ANALYSIS = YES;
				CLANG_WARN_STRICT_PROTOTYPES = YES;
				CLANG_WARN_SUSPICIOUS_MOVE = YES;
				CLANG_WARN_UNGUARDED_AVAILABILITY = YES_AGGRESSIVE;
				CLANG_WARN_UNREACHABLE_CODE = YES;
				CLANG_WARN__DUPLICATE_METHOD_MATCH = YES;
				COPY_PHASE_STRIP = NO;
				DEBUG_INFORMATION_FORMAT = dwarf;
				ENABLE_STRICT_OBJC_MSGSEND = YES;
				ENABLE_TESTABILITY = YES;
				GCC_C_LANGUAGE_STANDARD = gnu11;
				GCC_DYNAMIC_NO_PIC = NO;
				GCC_NO_COMMON_BLOCKS = YES;
				GCC_OPTIMIZATION_LEVEL = 0;
				GCC_PREPROCESSOR_DEFINITIONS = (
					"DEBUG=1",
					"$(inherited)",
				);
				GCC_WARN_64_TO_32_BIT_CONVERSION = YES;
				GCC_WARN_ABOUT_RETURN_TYPE = YES_ERROR;
				GCC_WARN_UNDECLARED_SELECTOR = YES;
				GCC_WARN_UNINITIALIZED_AUTOS = YES_AGGRESSIVE;
				GCC_WARN_UNUSED_FUNCTION = YES;
				GCC_WARN_UNUSED_VARIABLE = YES;
				MACOSX_DEPLOYMENT_TARGET = 10.15;
				MTL_ENABLE_DEBUG_INFO = INCLUDE_SOURCE;
				MTL_FAST_MATH = YES;
				ONLY_ACTIVE_ARCH = YES;
				SDKROOT = macosx;
			};
			name = Debug;
		};
		5642B48A243280BB008CEB33 /* Release */ = {
			isa = XCBuildConfiguration;
			buildSettings = {
				ALWAYS_SEARCH_USER_PATHS = NO;
				CLANG_ANALYZER_NONNULL = YES;
				CLANG_ANALYZER_NUMBER_OBJECT_CONVERSION = YES_AGGRESSIVE;
				CLANG_CXX_LANGUAGE_STANDARD = "gnu++14";
				CLANG_CXX_LIBRARY = "libc++";
				CLANG_ENABLE_MODULES = YES;
				CLANG_ENABLE_OBJC_ARC = YES;
				CLANG_ENABLE_OBJC_WEAK = YES;
				CLANG_WARN_BLOCK_CAPTURE_AUTORELEASING = YES;
				CLANG_WARN_BOOL_CONVERSION = YES;
				CLANG_WARN_COMMA = YES;
				CLANG_WARN_CONSTANT_CONVERSION = YES;
				CLANG_WARN_DEPRECATED_OBJC_IMPLEMENTATIONS = YES;
				CLANG_WARN_DIRECT_OBJC_ISA_USAGE = YES_ERROR;
				CLANG_WARN_DOCUMENTATION_COMMENTS = YES;
				CLANG_WARN_EMPTY_BODY = YES;
				CLANG_WARN_ENUM_CONVERSION = YES;
				CLANG_WARN_INFINITE_RECURSION = YES;
				CLANG_WARN_INT_CONVERSION = YES;
				CLANG_WARN_NON_LITERAL_NULL_CONVERSION = YES;
				CLANG_WARN_OBJC_IMPLICIT_RETAIN_SELF = YES;
				CLANG_WARN_OBJC_LITERAL_CONVERSION = YES;
				CLANG_WARN_OBJC_ROOT_CLASS = YES_ERROR;
				CLANG_WARN_RANGE_LOOP_ANALYSIS = YES;
				CLANG_WARN_STRICT_PROTOTYPES = YES;
				CLANG_WARN_SUSPICIOUS_MOVE = YES;
				CLANG_WARN_UNGUARDED_AVAILABILITY = YES_AGGRESSIVE;
				CLANG_WARN_UNREACHABLE_CODE = YES;
				CLANG_WARN__DUPLICATE_METHOD_MATCH = YES;
				COPY_PHASE_STRIP = NO;
				DEBUG_INFORMATION_FORMAT = "dwarf-with-dsym";
				ENABLE_NS_ASSERTIONS = NO;
				ENABLE_STRICT_OBJC_MSGSEND = YES;
				GCC_C_LANGUAGE_STANDARD = gnu11;
				GCC_NO_COMMON_BLOCKS = YES;
				GCC_WARN_64_TO_32_BIT_CONVERSION = YES;
				GCC_WARN_ABOUT_RETURN_TYPE = YES_ERROR;
				GCC_WARN_UNDECLARED_SELECTOR = YES;
				GCC_WARN_UNINITIALIZED_AUTOS = YES_AGGRESSIVE;
				GCC_WARN_UNUSED_FUNCTION = YES;
				GCC_WARN_UNUSED_VARIABLE = YES;
				MACOSX_DEPLOYMENT_TARGET = 10.15;
				MTL_ENABLE_DEBUG_INFO = NO;
				MTL_FAST_MATH = YES;
				SDKROOT = macosx;
			};
			name = Release;
		};
		5642B48C243280BB008CEB33 /* Debug */ = {
			isa = XCBuildConfiguration;
			buildSettings = {
				CODE_SIGN_STYLE = Automatic;
				PRODUCT_NAME = "$(TARGET_NAME)";
			};
			name = Debug;
		};
		5642B48D243280BB008CEB33 /* Release */ = {
			isa = XCBuildConfiguration;
			buildSettings = {
				CODE_SIGN_STYLE = Automatic;
				PRODUCT_NAME = "$(TARGET_NAME)";
			};
			name = Release;
		};
/* End XCBuildConfiguration section */

/* Begin XCConfigurationList section */
		5642B47F243280BB008CEB33 /* Build configuration list for PBXProject "LabAssignment7" */ = {
			isa = XCConfigurationList;
			buildConfigurations = (
				5642B489243280BB008CEB33 /* Debug */,
				5642B48A243280BB008CEB33 /* Release */,
			);
			defaultConfigurationIsVisible = 0;
			defaultConfigurationName = Release;
		};
		5642B48B243280BB008CEB33 /* Build configuration list for PBXNativeTarget "LabAssignment7" */ = {
			isa = XCConfigurationList;
			buildConfigurations = (
				5642B48C243280BB008CEB33 /* Debug */,
				5642B48D243280BB008CEB33 /* Release */,
			);
			defaultConfigurationIsVisible = 0;
			defaultConfigurationName = Release;
		};
/* End XCConfigurationList section */
	};
	rootObject = 5642B47C243280BB008CEB33 /* Project object */;
}
